
Microsoft Visual Studio Solution File, Format Version 12.00
# Visual Studio Version 17
VisualStudioVersion = 17.2.32616.157
MinimumVisualStudioVersion = 10.0.40219.1
Project("{FAE04EC0-301F-11D3-BF4B-00C04F79EFBC}") = "ToDoApp", "ToDoApp\ToDoApp.csproj", "{D1FBF092-FE50-47CD-8339-116A26B1B2F0}"
EndProject
Global
	GlobalSection(SolutionConfigurationPlatforms) = preSolution
		Debug|Any CPU = Debug|Any CPU
		Release|Any CPU = Release|Any CPU
	EndGlobalSection
	GlobalSection(ProjectConfigurationPlatforms) = postSolution
		{D1FBF092-FE50-47CD-8339-116A26B1B2F0}.Debug|Any CPU.ActiveCfg = Debug|Any CPU
		{D1FBF092-FE50-47CD-8339-116A26B1B2F0}.Debug|Any CPU.Build.0 = Debug|Any CPU
		{D1FBF092-FE50-47CD-8339-116A26B1B2F0}.Release|Any CPU.ActiveCfg = Release|Any CPU
		{D1FBF092-FE50-47CD-8339-116A26B1B2F0}.Release|Any CPU.Build.0 = Release|Any CPU
	EndGlobalSection
	GlobalSection(SolutionProperties) = preSolution
		HideSolutionNode = FALSE
	EndGlobalSection
	GlobalSection(ExtensibilityGlobals) = postSolution
		SolutionGuid = {C3706717-F4B3-4DCA-B9C8-D771F843EF0E}
	EndGlobalSection
EndGlobal
